
Microsoft Visual Studio Solution File, Format Version 12.00
# Visual Studio Version 17
VisualStudioVersion = 17.7.34221.43
MinimumVisualStudioVersion = 10.0.40219.1
Project("{FAE04EC0-301F-11D3-BF4B-00C04F79EFBC}") = "interfaceTask", "interfaceTask\interfaceTask.csproj", "{7F5F5A58-FBEA-415A-B50D-88921B5F5557}"
EndProject
Global
	GlobalSection(SolutionConfigurationPlatforms) = preSolution
		Debug|Any CPU = Debug|Any CPU
		Release|Any CPU = Release|Any CPU
	EndGlobalSection
	GlobalSection(ProjectConfigurationPlatforms) = postSolution
		{7F5F5A58-FBEA-415A-B50D-88921B5F5557}.Debug|Any CPU.ActiveCfg = Debug|Any CPU
		{7F5F5A58-FBEA-415A-B50D-88921B5F5557}.Debug|Any CPU.Build.0 = Debug|Any CPU
		{7F5F5A58-FBEA-415A-B50D-88921B5F5557}.Release|Any CPU.ActiveCfg = Release|Any CPU
		{7F5F5A58-FBEA-415A-B50D-88921B5F5557}.Release|Any CPU.Build.0 = Release|Any CPU
	EndGlobalSection
	GlobalSection(SolutionProperties) = preSolution
		HideSolutionNode = FALSE
	EndGlobalSection
	GlobalSection(ExtensibilityGlobals) = postSolution
		SolutionGuid = {2B702863-89C3-405B-AE79-B5F4B5554186}
	EndGlobalSection
EndGlobal
